// !$*UTF8*$!
{
	archiveVersion = 1;
	classes = {
	};
	objectVersion = 50;
	objects = {

/* Begin PBXBuildFile section */
		E32F7AF923DDAB2D00FEF366 /* AppDelegate.swift in Sources */ = {isa = PBXBuildFile; fileRef = E32F7AF823DDAB2D00FEF366 /* AppDelegate.swift */; };
		E32F7AFB23DDAB2D00FEF366 /* SceneDelegate.swift in Sources */ = {isa = PBXBuildFile; fileRef = E32F7AFA23DDAB2D00FEF366 /* SceneDelegate.swift */; };
		E32F7B0023DDAB2D00FEF366 /* Main.storyboard in Resources */ = {isa = PBXBuildFile; fileRef = E32F7AFE23DDAB2D00FEF366 /* Main.storyboard */; };
		E32F7B0223DDAB3200FEF366 /* Assets.xcassets in Resources */ = {isa = PBXBuildFile; fileRef = E32F7B0123DDAB3200FEF366 /* Assets.xcassets */; };
		E32F7B0523DDAB3200FEF366 /* LaunchScreen.storyboard in Resources */ = {isa = PBXBuildFile; fileRef = E32F7B0323DDAB3200FEF366 /* LaunchScreen.storyboard */; };
		E32F7B0D23DDAF8400FEF366 /* Arrays.swift in Sources */ = {isa = PBXBuildFile; fileRef = E32F7B0C23DDAF8400FEF366 /* Arrays.swift */; };
		E32F7B1123DDB1B600FEF366 /* VerbsStruct.swift in Sources */ = {isa = PBXBuildFile; fileRef = E32F7B1023DDB1B600FEF366 /* VerbsStruct.swift */; };
		E32F7B1423DDCF0B00FEF366 /* VerbsTableViewController.swift in Sources */ = {isa = PBXBuildFile; fileRef = E32F7B1323DDCF0B00FEF366 /* VerbsTableViewController.swift */; };
		E32F7B1723DDD1B200FEF366 /* CustomTableViewCell.swift in Sources */ = {isa = PBXBuildFile; fileRef = E32F7B1623DDD1B200FEF366 /* CustomTableViewCell.swift */; };
		E3478B7F23E371C000F00A99 /* IrregularVerbsViewController.swift in Sources */ = {isa = PBXBuildFile; fileRef = E3478B7E23E371C000F00A99 /* IrregularVerbsViewController.swift */; };
		E3478B8523E58E7400F00A99 /* ExerciseTableViewController.swift in Sources */ = {isa = PBXBuildFile; fileRef = E3478B8423E58E7400F00A99 /* ExerciseTableViewController.swift */; };
/* End PBXBuildFile section */

/* Begin PBXFileReference section */
		E32F7AF523DDAB2D00FEF366 /* IrregularVerbsApp.app */ = {isa = PBXFileReference; explicitFileType = wrapper.application; includeInIndex = 0; path = IrregularVerbsApp.app; sourceTree = BUILT_PRODUCTS_DIR; };
		E32F7AF823DDAB2D00FEF366 /* AppDelegate.swift */ = {isa = PBXFileReference; lastKnownFileType = sourcecode.swift; path = AppDelegate.swift; sourceTree = "<group>"; };
		E32F7AFA23DDAB2D00FEF366 /* SceneDelegate.swift */ = {isa = PBXFileReference; lastKnownFileType = sourcecode.swift; path = SceneDelegate.swift; sourceTree = "<group>"; };
		E32F7AFF23DDAB2D00FEF366 /* Base */ = {isa = PBXFileReference; lastKnownFileType = file.storyboard; name = Base; path = Base.lproj/Main.storyboard; sourceTree = "<group>"; };
		E32F7B0123DDAB3200FEF366 /* Assets.xcassets */ = {isa = PBXFileReference; lastKnownFileType = folder.assetcatalog; path = Assets.xcassets; sourceTree = "<group>"; };
		E32F7B0423DDAB3200FEF366 /* Base */ = {isa = PBXFileReference; lastKnownFileType = file.storyboard; name = Base; path = Base.lproj/LaunchScreen.storyboard; sourceTree = "<group>"; };
		E32F7B0623DDAB3200FEF366 /* Info.plist */ = {isa = PBXFileReference; lastKnownFileType = text.plist.xml; path = Info.plist; sourceTree = "<group>"; };
		E32F7B0C23DDAF8400FEF366 /* Arrays.swift */ = {isa = PBXFileReference; lastKnownFileType = sourcecode.swift; path = Arrays.swift; sourceTree = "<group>"; };
		E32F7B1023DDB1B600FEF366 /* VerbsStruct.swift */ = {isa = PBXFileReference; lastKnownFileType = sourcecode.swift; path = VerbsStruct.swift; sourceTree = "<group>"; };
		E32F7B1323DDCF0B00FEF366 /* VerbsTableViewController.swift */ = {isa = PBXFileReference; lastKnownFileType = sourcecode.swift; path = VerbsTableViewController.swift; sourceTree = "<group>"; };
		E32F7B1623DDD1B200FEF366 /* CustomTableViewCell.swift */ = {isa = PBXFileReference; lastKnownFileType = sourcecode.swift; path = CustomTableViewCell.swift; sourceTree = "<group>"; };
		E3478B7E23E371C000F00A99 /* IrregularVerbsViewController.swift */ = {isa = PBXFileReference; lastKnownFileType = sourcecode.swift; path = IrregularVerbsViewController.swift; sourceTree = "<group>"; };
		E3478B8423E58E7400F00A99 /* ExerciseTableViewController.swift */ = {isa = PBXFileReference; lastKnownFileType = sourcecode.swift; path = ExerciseTableViewController.swift; sourceTree = "<group>"; };
/* End PBXFileReference section */

/* Begin PBXFrameworksBuildPhase section */
		E32F7AF223DDAB2D00FEF366 /* Frameworks */ = {
			isa = PBXFrameworksBuildPhase;
			buildActionMask = 2147483647;
			files = (
			);
			runOnlyForDeploymentPostprocessing = 0;
		};
/* End PBXFrameworksBuildPhase section */

/* Begin PBXGroup section */
		E32F7AEC23DDAB2D00FEF366 = {
			isa = PBXGroup;
			children = (
				E32F7AF723DDAB2D00FEF366 /* IrregularVerbsApp */,
				E32F7AF623DDAB2D00FEF366 /* Products */,
			);
			sourceTree = "<group>";
		};
		E32F7AF623DDAB2D00FEF366 /* Products */ = {
			isa = PBXGroup;
			children = (
				E32F7AF523DDAB2D00FEF366 /* IrregularVerbsApp.app */,
			);
			name = Products;
			sourceTree = "<group>";
		};
		E32F7AF723DDAB2D00FEF366 /* IrregularVerbsApp */ = {
			isa = PBXGroup;
			children = (
				E32F7AF823DDAB2D00FEF366 /* AppDelegate.swift */,
				E32F7AFA23DDAB2D00FEF366 /* SceneDelegate.swift */,
				E32F7B0F23DDB17700FEF366 /* Controllers */,
				E32F7B1223DDB1C300FEF366 /* Model */,
				E32F7B0E23DDAF8700FEF366 /* Data */,
				E32F7B1523DDD17E00FEF366 /* Helpers */,
				E32F7AFE23DDAB2D00FEF366 /* Main.storyboard */,
				E32F7B0123DDAB3200FEF366 /* Assets.xcassets */,
				E32F7B0323DDAB3200FEF366 /* LaunchScreen.storyboard */,
				E32F7B0623DDAB3200FEF366 /* Info.plist */,
			);
			path = IrregularVerbsApp;
			sourceTree = "<group>";
		};
		E32F7B0E23DDAF8700FEF366 /* Data */ = {
			isa = PBXGroup;
			children = (
				E32F7B0C23DDAF8400FEF366 /* Arrays.swift */,
			);
			path = Data;
			sourceTree = "<group>";
		};
		E32F7B0F23DDB17700FEF366 /* Controllers */ = {
			isa = PBXGroup;
			children = (
				E32F7B1323DDCF0B00FEF366 /* VerbsTableViewController.swift */,
				E3478B7E23E371C000F00A99 /* IrregularVerbsViewController.swift */,
				E3478B8423E58E7400F00A99 /* ExerciseTableViewController.swift */,
			);
			path = Controllers;
			sourceTree = "<group>";
		};
		E32F7B1223DDB1C300FEF366 /* Model */ = {
			isa = PBXGroup;
			children = (
				E32F7B1023DDB1B600FEF366 /* VerbsStruct.swift */,
			);
			path = Model;
			sourceTree = "<group>";
		};
		E32F7B1523DDD17E00FEF366 /* Helpers */ = {
			isa = PBXGroup;
			children = (
				E32F7B1623DDD1B200FEF366 /* CustomTableViewCell.swift */,
			);
			path = Helpers;
			sourceTree = "<group>";
		};
/* End PBXGroup section */

/* Begin PBXNativeTarget section */
		E32F7AF423DDAB2D00FEF366 /* IrregularVerbsApp */ = {
			isa = PBXNativeTarget;
			buildConfigurationList = E32F7B0923DDAB3200FEF366 /* Build configuration list for PBXNativeTarget "IrregularVerbsApp" */;
			buildPhases = (
				E32F7AF123DDAB2D00FEF366 /* Sources */,
				E32F7AF223DDAB2D00FEF366 /* Frameworks */,
				E32F7AF323DDAB2D00FEF366 /* Resources */,
			);
			buildRules = (
			);
			dependencies = (
			);
			name = IrregularVerbsApp;
			productName = IrregularVerbsApp;
			productReference = E32F7AF523DDAB2D00FEF366 /* IrregularVerbsApp.app */;
			productType = "com.apple.product-type.application";
		};
/* End PBXNativeTarget section */

/* Begin PBXProject section */
		E32F7AED23DDAB2D00FEF366 /* Project object */ = {
			isa = PBXProject;
			attributes = {
				LastSwiftUpdateCheck = 1120;
				LastUpgradeCheck = 1120;
				ORGANIZATIONNAME = "Stepan Vasilyeu";
				TargetAttributes = {
					E32F7AF423DDAB2D00FEF366 = {
						CreatedOnToolsVersion = 11.2.1;
					};
				};
			};
			buildConfigurationList = E32F7AF023DDAB2D00FEF366 /* Build configuration list for PBXProject "IrregularVerbsApp" */;
			compatibilityVersion = "Xcode 9.3";
			developmentRegion = en;
			hasScannedForEncodings = 0;
			knownRegions = (
				en,
				Base,
			);
			mainGroup = E32F7AEC23DDAB2D00FEF366;
			productRefGroup = E32F7AF623DDAB2D00FEF366 /* Products */;
			projectDirPath = "";
			projectRoot = "";
			targets = (
				E32F7AF423DDAB2D00FEF366 /* IrregularVerbsApp */,
			);
		};
/* End PBXProject section */

/* Begin PBXResourcesBuildPhase section */
		E32F7AF323DDAB2D00FEF366 /* Resources */ = {
			isa = PBXResourcesBuildPhase;
			buildActionMask = 2147483647;
			files = (
				E32F7B0523DDAB3200FEF366 /* LaunchScreen.storyboard in Resources */,
				E32F7B0223DDAB3200FEF366 /* Assets.xcassets in Resources */,
				E32F7B0023DDAB2D00FEF366 /* Main.storyboard in Resources */,
			);
			runOnlyForDeploymentPostprocessing = 0;
		};
/* End PBXResourcesBuildPhase section */

/* Begin PBXSourcesBuildPhase section */
		E32F7AF123DDAB2D00FEF366 /* Sources */ = {
			isa = PBXSourcesBuildPhase;
			buildActionMask = 2147483647;
			files = (
				E32F7B1123DDB1B600FEF366 /* VerbsStruct.swift in Sources */,
				E3478B8523E58E7400F00A99 /* ExerciseTableViewController.swift in Sources */,
				E32F7B1423DDCF0B00FEF366 /* VerbsTableViewController.swift in Sources */,
				E32F7B1723DDD1B200FEF366 /* CustomTableViewCell.swift in Sources */,
				E32F7B0D23DDAF8400FEF366 /* Arrays.swift in Sources */,
				E32F7AF923DDAB2D00FEF366 /* AppDelegate.swift in Sources */,
				E32F7AFB23DDAB2D00FEF366 /* SceneDelegate.swift in Sources */,
				E3478B7F23E371C000F00A99 /* IrregularVerbsViewController.swift in Sources */,
			);
			runOnlyForDeploymentPostprocessing = 0;
		};
/* End PBXSourcesBuildPhase section */

/* Begin PBXVariantGroup section */
		E32F7AFE23DDAB2D00FEF366 /* Main.storyboard */ = {
			isa = PBXVariantGroup;
			children = (
				E32F7AFF23DDAB2D00FEF366 /* Base */,
			);
			name = Main.storyboard;
			sourceTree = "<group>";
		};
		E32F7B0323DDAB3200FEF366 /* LaunchScreen.storyboard */ = {
			isa = PBXVariantGroup;
			children = (
				E32F7B0423DDAB3200FEF366 /* Base */,
			);
			name = LaunchScreen.storyboard;
			sourceTree = "<group>";
		};
/* End PBXVariantGroup section */

/* Begin XCBuildConfiguration section */
		E32F7B0723DDAB3200FEF366 /* Debug */ = {
			isa = XCBuildConfiguration;
			buildSettings = {
				ALWAYS_SEARCH_USER_PATHS = NO;
				CLANG_ANALYZER_NONNULL = YES;
				CLANG_ANALYZER_NUMBER_OBJECT_CONVERSION = YES_AGGRESSIVE;
				CLANG_CXX_LANGUAGE_STANDARD = "gnu++14";
				CLANG_CXX_LIBRARY = "libc++";
				CLANG_ENABLE_MODULES = YES;
				CLANG_ENABLE_OBJC_ARC = YES;
				CLANG_ENABLE_OBJC_WEAK = YES;
				CLANG_WARN_BLOCK_CAPTURE_AUTORELEASING = YES;
				CLANG_WARN_BOOL_CONVERSION = YES;
				CLANG_WARN_COMMA = YES;
				CLANG_WARN_CONSTANT_CONVERSION = YES;
				CLANG_WARN_DEPRECATED_OBJC_IMPLEMENTATIONS = YES;
				CLANG_WARN_DIRECT_OBJC_ISA_USAGE = YES_ERROR;
				CLANG_WARN_DOCUMENTATION_COMMENTS = YES;
				CLANG_WARN_EMPTY_BODY = YES;
				CLANG_WARN_ENUM_CONVERSION = YES;
				CLANG_WARN_INFINITE_RECURSION = YES;
				CLANG_WARN_INT_CONVERSION = YES;
				CLANG_WARN_NON_LITERAL_NULL_CONVERSION = YES;
				CLANG_WARN_OBJC_IMPLICIT_RETAIN_SELF = YES;
				CLANG_WARN_OBJC_LITERAL_CONVERSION = YES;
				CLANG_WARN_OBJC_ROOT_CLASS = YES_ERROR;
				CLANG_WARN_RANGE_LOOP_ANALYSIS = YES;
				CLANG_WARN_STRICT_PROTOTYPES = YES;
				CLANG_WARN_SUSPICIOUS_MOVE = YES;
				CLANG_WARN_UNGUARDED_AVAILABILITY = YES_AGGRESSIVE;
				CLANG_WARN_UNREACHABLE_CODE = YES;
				CLANG_WARN__DUPLICATE_METHOD_MATCH = YES;
				COPY_PHASE_STRIP = NO;
				DEBUG_INFORMATION_FORMAT = dwarf;
				ENABLE_STRICT_OBJC_MSGSEND = YES;
				ENABLE_TESTABILITY = YES;
				GCC_C_LANGUAGE_STANDARD = gnu11;
				GCC_DYNAMIC_NO_PIC = NO;
				GCC_NO_COMMON_BLOCKS = YES;
				GCC_OPTIMIZATION_LEVEL = 0;
				GCC_PREPROCESSOR_DEFINITIONS = (
					"DEBUG=1",
					"$(inherited)",
				);
				GCC_WARN_64_TO_32_BIT_CONVERSION = YES;
				GCC_WARN_ABOUT_RETURN_TYPE = YES_ERROR;
				GCC_WARN_UNDECLARED_SELECTOR = YES;
				GCC_WARN_UNINITIALIZED_AUTOS = YES_AGGRESSIVE;
				GCC_WARN_UNUSED_FUNCTION = YES;
				GCC_WARN_UNUSED_VARIABLE = YES;
				IPHONEOS_DEPLOYMENT_TARGET = 13.2;
				MTL_ENABLE_DEBUG_INFO = INCLUDE_SOURCE;
				MTL_FAST_MATH = YES;
				ONLY_ACTIVE_ARCH = YES;
				SDKROOT = iphoneos;
				SWIFT_ACTIVE_COMPILATION_CONDITIONS = DEBUG;
				SWIFT_OPTIMIZATION_LEVEL = "-Onone";
			};
			name = Debug;
		};
		E32F7B0823DDAB3200FEF366 /* Release */ = {
			isa = XCBuildConfiguration;
			buildSettings = {
				ALWAYS_SEARCH_USER_PATHS = NO;
				CLANG_ANALYZER_NONNULL = YES;
				CLANG_ANALYZER_NUMBER_OBJECT_CONVERSION = YES_AGGRESSIVE;
				CLANG_CXX_LANGUAGE_STANDARD = "gnu++14";
				CLANG_CXX_LIBRARY = "libc++";
				CLANG_ENABLE_MODULES = YES;
				CLANG_ENABLE_OBJC_ARC = YES;
				CLANG_ENABLE_OBJC_WEAK = YES;
				CLANG_WARN_BLOCK_CAPTURE_AUTORELEASING = YES;
				CLANG_WARN_BOOL_CONVERSION = YES;
				CLANG_WARN_COMMA = YES;
				CLANG_WARN_CONSTANT_CONVERSION = YES;
				CLANG_WARN_DEPRECATED_OBJC_IMPLEMENTATIONS = YES;
				CLANG_WARN_DIRECT_OBJC_ISA_USAGE = YES_ERROR;
				CLANG_WARN_DOCUMENTATION_COMMENTS = YES;
				CLANG_WARN_EMPTY_BODY = YES;
				CLANG_WARN_ENUM_CONVERSION = YES;
				CLANG_WARN_INFINITE_RECURSION = YES;
				CLANG_WARN_INT_CONVERSION = YES;
				CLANG_WARN_NON_LITERAL_NULL_CONVERSION = YES;
				CLANG_WARN_OBJC_IMPLICIT_RETAIN_SELF = YES;
				CLANG_WARN_OBJC_LITERAL_CONVERSION = YES;
				CLANG_WARN_OBJC_ROOT_CLASS = YES_ERROR;
				CLANG_WARN_RANGE_LOOP_ANALYSIS = YES;
				CLANG_WARN_STRICT_PROTOTYPES = YES;
				CLANG_WARN_SUSPICIOUS_MOVE = YES;
				CLANG_WARN_UNGUARDED_AVAILABILITY = YES_AGGRESSIVE;
				CLANG_WARN_UNREACHABLE_CODE = YES;
				CLANG_WARN__DUPLICATE_METHOD_MATCH = YES;
				COPY_PHASE_STRIP = NO;
				DEBUG_INFORMATION_FORMAT = "dwarf-with-dsym";
				ENABLE_NS_ASSERTIONS = NO;
				ENABLE_STRICT_OBJC_MSGSEND = YES;
				GCC_C_LANGUAGE_STANDARD = gnu11;
				GCC_NO_COMMON_BLOCKS = YES;
				GCC_WARN_64_TO_32_BIT_CONVERSION = YES;
				GCC_WARN_ABOUT_RETURN_TYPE = YES_ERROR;
				GCC_WARN_UNDECLARED_SELECTOR = YES;
				GCC_WARN_UNINITIALIZED_AUTOS = YES_AGGRESSIVE;
				GCC_WARN_UNUSED_FUNCTION = YES;
				GCC_WARN_UNUSED_VARIABLE = YES;
				IPHONEOS_DEPLOYMENT_TARGET = 13.2;
				MTL_ENABLE_DEBUG_INFO = NO;
				MTL_FAST_MATH = YES;
				SDKROOT = iphoneos;
				SWIFT_COMPILATION_MODE = wholemodule;
				SWIFT_OPTIMIZATION_LEVEL = "-O";
				VALIDATE_PRODUCT = YES;
			};
			name = Release;
		};
		E32F7B0A23DDAB3200FEF366 /* Debug */ = {
			isa = XCBuildConfiguration;
			buildSettings = {
				ASSETCATALOG_COMPILER_APPICON_NAME = AppIcon;
				CODE_SIGN_STYLE = Automatic;
				DEVELOPMENT_TEAM = 5288NF3D62;
				INFOPLIST_FILE = IrregularVerbsApp/Info.plist;
				IPHONEOS_DEPLOYMENT_TARGET = 13.2;
				LD_RUNPATH_SEARCH_PATHS = (
					"$(inherited)",
					"@executable_path/Frameworks",
				);
				PRODUCT_BUNDLE_IDENTIFIER = vasilyeuInc.IrregularVerbsApp;
				PRODUCT_NAME = "$(TARGET_NAME)";
				SWIFT_VERSION = 5.0;
				TARGETED_DEVICE_FAMILY = "1,2";
			};
			name = Debug;
		};
		E32F7B0B23DDAB3200FEF366 /* Release */ = {
			isa = XCBuildConfiguration;
			buildSettings = {
				ASSETCATALOG_COMPILER_APPICON_NAME = AppIcon;
				CODE_SIGN_STYLE = Automatic;
				DEVELOPMENT_TEAM = 5288NF3D62;
				INFOPLIST_FILE = IrregularVerbsApp/Info.plist;
				IPHONEOS_DEPLOYMENT_TARGET = 13.2;
				LD_RUNPATH_SEARCH_PATHS = (
					"$(inherited)",
					"@executable_path/Frameworks",
				);
				PRODUCT_BUNDLE_IDENTIFIER = vasilyeuInc.IrregularVerbsApp;
				PRODUCT_NAME = "$(TARGET_NAME)";
				SWIFT_VERSION = 5.0;
				TARGETED_DEVICE_FAMILY = "1,2";
			};
			name = Release;
		};
/* End XCBuildConfiguration section */

/* Begin XCConfigurationList section */
		E32F7AF023DDAB2D00FEF366 /* Build configuration list for PBXProject "IrregularVerbsApp" */ = {
			isa = XCConfigurationList;
			buildConfigurations = (
				E32F7B0723DDAB3200FEF366 /* Debug */,
				E32F7B0823DDAB3200FEF366 /* Release */,
			);
			defaultConfigurationIsVisible = 0;
			defaultConfigurationName = Release;
		};
		E32F7B0923DDAB3200FEF366 /* Build configuration list for PBXNativeTarget "IrregularVerbsApp" */ = {
			isa = XCConfigurationList;
			buildConfigurations = (
				E32F7B0A23DDAB3200FEF366 /* Debug */,
				E32F7B0B23DDAB3200FEF366 /* Release */,
			);
			defaultConfigurationIsVisible = 0;
			defaultConfigurationName = Release;
		};
/* End XCConfigurationList section */
	};
	rootObject = E32F7AED23DDAB2D00FEF366 /* Project object */;
}
